
Microsoft Visual Studio Solution File, Format Version 12.00
# 
Project("{FAE04EC0-301F-11D3-BF4B-00C04F79EFBC}") = "Bencodex", "Bencodex\Bencodex.csproj", "{2E0DBCAE-A203-429D-A36F-D5F4583278DC}"
EndProject
Project("{FAE04EC0-301F-11D3-BF4B-00C04F79EFBC}") = "Bencodex.Tests", "Bencodex.Tests\Bencodex.Tests.csproj", "{D0EEFE59-8703-4527-A865-A596EBE672A9}"
EndProject
Project("{FAE04EC0-301F-11D3-BF4B-00C04F79EFBC}") = "Bencodex.Benchmarks", "Bencodex.Benchmarks\Bencodex.Benchmarks.csproj", "{FD5C06D6-A616-4560-9E15-C8938EDC724B}"
EndProject
Project("{FAE04EC0-301F-11D3-BF4B-00C04F79EFBC}") = "Bencodex.Json", "Bencodex.Json\Bencodex.Json.csproj", "{45195DE6-DFFD-43D5-9335-F89119B5033D}"
EndProject
Project("{FAE04EC0-301F-11D3-BF4B-00C04F79EFBC}") = "Bencodex.Json.Tests", "Bencodex.Json.Tests\Bencodex.Json.Tests.csproj", "{D4E22BE3-5A6D-49F3-BFC5-CC2B5A0D93D3}"
EndProject
Global
	GlobalSection(SolutionConfigurationPlatforms) = preSolution
		Debug|Any CPU = Debug|Any CPU
		Release|Any CPU = Release|Any CPU
	EndGlobalSection
	GlobalSection(ProjectConfigurationPlatforms) = postSolution
		{2E0DBCAE-A203-429D-A36F-D5F4583278DC}.Debug|Any CPU.ActiveCfg = Debug|Any CPU
		{2E0DBCAE-A203-429D-A36F-D5F4583278DC}.Debug|Any CPU.Build.0 = Debug|Any CPU
		{2E0DBCAE-A203-429D-A36F-D5F4583278DC}.Release|Any CPU.ActiveCfg = Release|Any CPU
		{2E0DBCAE-A203-429D-A36F-D5F4583278DC}.Release|Any CPU.Build.0 = Release|Any CPU
		{D0EEFE59-8703-4527-A865-A596EBE672A9}.Debug|Any CPU.ActiveCfg = Debug|Any CPU
		{D0EEFE59-8703-4527-A865-A596EBE672A9}.Debug|Any CPU.Build.0 = Debug|Any CPU
		{D0EEFE59-8703-4527-A865-A596EBE672A9}.Release|Any CPU.ActiveCfg = Release|Any CPU
		{D0EEFE59-8703-4527-A865-A596EBE672A9}.Release|Any CPU.Build.0 = Release|Any CPU
		{FD5C06D6-A616-4560-9E15-C8938EDC724B}.Debug|Any CPU.ActiveCfg = Debug|Any CPU
		{FD5C06D6-A616-4560-9E15-C8938EDC724B}.Debug|Any CPU.Build.0 = Debug|Any CPU
		{FD5C06D6-A616-4560-9E15-C8938EDC724B}.Release|Any CPU.ActiveCfg = Release|Any CPU
		{FD5C06D6-A616-4560-9E15-C8938EDC724B}.Release|Any CPU.Build.0 = Release|Any CPU
		{45195DE6-DFFD-43D5-9335-F89119B5033D}.Debug|Any CPU.ActiveCfg = Debug|Any CPU
		{45195DE6-DFFD-43D5-9335-F89119B5033D}.Debug|Any CPU.Build.0 = Debug|Any CPU
		{45195DE6-DFFD-43D5-9335-F89119B5033D}.Release|Any CPU.ActiveCfg = Release|Any CPU
		{45195DE6-DFFD-43D5-9335-F89119B5033D}.Release|Any CPU.Build.0 = Release|Any CPU
		{D4E22BE3-5A6D-49F3-BFC5-CC2B5A0D93D3}.Debug|Any CPU.ActiveCfg = Debug|Any CPU
		{D4E22BE3-5A6D-49F3-BFC5-CC2B5A0D93D3}.Debug|Any CPU.Build.0 = Debug|Any CPU
		{D4E22BE3-5A6D-49F3-BFC5-CC2B5A0D93D3}.Release|Any CPU.ActiveCfg = Release|Any CPU
		{D4E22BE3-5A6D-49F3-BFC5-CC2B5A0D93D3}.Release|Any CPU.Build.0 = Release|Any CPU
	EndGlobalSection
EndGlobal
